
Microsoft Visual Studio Solution File, Format Version 12.00
# Visual Studio Version 16
VisualStudioVersion = 16.0.30114.105
MinimumVisualStudioVersion = 10.0.40219.1
Project("{FAE04EC0-301F-11D3-BF4B-00C04F79EFBC}") = "JoaClient", "JoaClient\JoaClient.csproj", "{20565E17-B7B9-4E9F-8E94-8DCF7FB7F135}"
EndProject
Project("{FAE04EC0-301F-11D3-BF4B-00C04F79EFBC}") = "Interfaces", "Interfaces\Interfaces.csproj", "{82E4D949-54C5-4077-98C3-ED92A497640E}"
EndProject
Project("{FAE04EC0-301F-11D3-BF4B-00C04F79EFBC}") = "WebSearch", "WebSearch\WebSearch.csproj", "{BA746C82-DF71-477F-AD4A-CD433AA60B99}"
EndProject
Global
	GlobalSection(SolutionConfigurationPlatforms) = preSolution
		Debug|Any CPU = Debug|Any CPU
		Release|Any CPU = Release|Any CPU
	EndGlobalSection
	GlobalSection(SolutionProperties) = preSolution
		HideSolutionNode = FALSE
	EndGlobalSection
	GlobalSection(ProjectConfigurationPlatforms) = postSolution
		{20565E17-B7B9-4E9F-8E94-8DCF7FB7F135}.Debug|Any CPU.ActiveCfg = Debug|Any CPU
		{20565E17-B7B9-4E9F-8E94-8DCF7FB7F135}.Debug|Any CPU.Build.0 = Debug|Any CPU
		{20565E17-B7B9-4E9F-8E94-8DCF7FB7F135}.Release|Any CPU.ActiveCfg = Release|Any CPU
		{20565E17-B7B9-4E9F-8E94-8DCF7FB7F135}.Release|Any CPU.Build.0 = Release|Any CPU
		{82E4D949-54C5-4077-98C3-ED92A497640E}.Debug|Any CPU.ActiveCfg = Debug|Any CPU
		{82E4D949-54C5-4077-98C3-ED92A497640E}.Debug|Any CPU.Build.0 = Debug|Any CPU
		{82E4D949-54C5-4077-98C3-ED92A497640E}.Release|Any CPU.ActiveCfg = Release|Any CPU
		{82E4D949-54C5-4077-98C3-ED92A497640E}.Release|Any CPU.Build.0 = Release|Any CPU
		{BA746C82-DF71-477F-AD4A-CD433AA60B99}.Debug|Any CPU.ActiveCfg = Debug|Any CPU
		{BA746C82-DF71-477F-AD4A-CD433AA60B99}.Debug|Any CPU.Build.0 = Debug|Any CPU
		{BA746C82-DF71-477F-AD4A-CD433AA60B99}.Release|Any CPU.ActiveCfg = Release|Any CPU
		{BA746C82-DF71-477F-AD4A-CD433AA60B99}.Release|Any CPU.Build.0 = Release|Any CPU
	EndGlobalSection
EndGlobal
