
Microsoft Visual Studio Solution File, Format Version 12.00
# Visual Studio Version 16
VisualStudioVersion = 16.0.30114.105
MinimumVisualStudioVersion = 10.0.40219.1
Project("{FAE04EC0-301F-11D3-BF4B-00C04F79EFBC}") = "JoaCore", "JoaCore\JoaCore.csproj", "{20565E17-B7B9-4E9F-8E94-8DCF7FB7F135}"
EndProject
Project("{FAE04EC0-301F-11D3-BF4B-00C04F79EFBC}") = "Plugin.WebSearch", "Plugin.WebSearch\Plugin.WebSearch.csproj", "{BA746C82-DF71-477F-AD4A-CD433AA60B99}"
EndProject
Project("{FAE04EC0-301F-11D3-BF4B-00C04F79EFBC}") = "Plugin.ApplicationSearch", "Plugin.ApplicationSearch\Plugin.ApplicationSearch.csproj", "{2CFB361F-137E-4D96-BD4B-79FABFAEA0CB}"
EndProject
Project("{FAE04EC0-301F-11D3-BF4B-00C04F79EFBC}") = "Plugin.ColorConverter", "Plugin.ColorConverter\Plugin.ColorConverter.csproj", "{1BE355AE-B98A-4966-B7EC-45F0B0B5A55F}"
EndProject
Project("{FAE04EC0-301F-11D3-BF4B-00C04F79EFBC}") = "JoaPluginsPackage", "JoaPluginsPackage\JoaPluginsPackage.csproj", "{6C21BD56-931E-4284-9398-A68CAFD9A775}"
EndProject
Project("{2150E333-8FDC-42A3-9474-1A3956D46DE8}") = "Plugins", "Plugins", "{81094FC7-478A-4872-93E1-D9FB6EED5BC2}"
EndProject
Project("{FAE04EC0-301F-11D3-BF4B-00C04F79EFBC}") = "Plugin.BookmarksSearch", "Plugin.BookmarksSearch\Plugin.BookmarksSearch.csproj", "{3A15D52C-4C87-4155-AE3B-32D519BAFB95}"
EndProject
Project("{FAE04EC0-301F-11D3-BF4B-00C04F79EFBC}") = "Joa", "Joa\Joa.csproj", "{444C2DC7-A3D6-4AB9-A902-3CD756FBE776}"
EndProject
Project("{2150E333-8FDC-42A3-9474-1A3956D46DE8}") = "CMI", "CMI", "{CFAEBF72-4C62-44E7-ABDB-7709BCC5E84A}"
EndProject
Global
	GlobalSection(SolutionConfigurationPlatforms) = preSolution
		Debug|Any CPU = Debug|Any CPU
		Release|Any CPU = Release|Any CPU
	EndGlobalSection
	GlobalSection(SolutionProperties) = preSolution
		HideSolutionNode = FALSE
	EndGlobalSection
	GlobalSection(ProjectConfigurationPlatforms) = postSolution
		{20565E17-B7B9-4E9F-8E94-8DCF7FB7F135}.Debug|Any CPU.ActiveCfg = Debug|Any CPU
		{20565E17-B7B9-4E9F-8E94-8DCF7FB7F135}.Debug|Any CPU.Build.0 = Debug|Any CPU
		{20565E17-B7B9-4E9F-8E94-8DCF7FB7F135}.Release|Any CPU.ActiveCfg = Release|Any CPU
		{20565E17-B7B9-4E9F-8E94-8DCF7FB7F135}.Release|Any CPU.Build.0 = Release|Any CPU
		{BA746C82-DF71-477F-AD4A-CD433AA60B99}.Debug|Any CPU.ActiveCfg = Debug|Any CPU
		{BA746C82-DF71-477F-AD4A-CD433AA60B99}.Debug|Any CPU.Build.0 = Debug|Any CPU
		{BA746C82-DF71-477F-AD4A-CD433AA60B99}.Release|Any CPU.ActiveCfg = Release|Any CPU
		{BA746C82-DF71-477F-AD4A-CD433AA60B99}.Release|Any CPU.Build.0 = Release|Any CPU
		{2CFB361F-137E-4D96-BD4B-79FABFAEA0CB}.Debug|Any CPU.ActiveCfg = Debug|Any CPU
		{2CFB361F-137E-4D96-BD4B-79FABFAEA0CB}.Debug|Any CPU.Build.0 = Debug|Any CPU
		{2CFB361F-137E-4D96-BD4B-79FABFAEA0CB}.Release|Any CPU.ActiveCfg = Release|Any CPU
		{2CFB361F-137E-4D96-BD4B-79FABFAEA0CB}.Release|Any CPU.Build.0 = Release|Any CPU
		{1BE355AE-B98A-4966-B7EC-45F0B0B5A55F}.Debug|Any CPU.ActiveCfg = Debug|Any CPU
		{1BE355AE-B98A-4966-B7EC-45F0B0B5A55F}.Debug|Any CPU.Build.0 = Debug|Any CPU
		{1BE355AE-B98A-4966-B7EC-45F0B0B5A55F}.Release|Any CPU.ActiveCfg = Release|Any CPU
		{1BE355AE-B98A-4966-B7EC-45F0B0B5A55F}.Release|Any CPU.Build.0 = Release|Any CPU
		{6C21BD56-931E-4284-9398-A68CAFD9A775}.Debug|Any CPU.ActiveCfg = Debug|Any CPU
		{6C21BD56-931E-4284-9398-A68CAFD9A775}.Debug|Any CPU.Build.0 = Debug|Any CPU
		{6C21BD56-931E-4284-9398-A68CAFD9A775}.Release|Any CPU.ActiveCfg = Release|Any CPU
		{6C21BD56-931E-4284-9398-A68CAFD9A775}.Release|Any CPU.Build.0 = Release|Any CPU
		{3A15D52C-4C87-4155-AE3B-32D519BAFB95}.Debug|Any CPU.ActiveCfg = Debug|Any CPU
		{3A15D52C-4C87-4155-AE3B-32D519BAFB95}.Debug|Any CPU.Build.0 = Debug|Any CPU
		{3A15D52C-4C87-4155-AE3B-32D519BAFB95}.Release|Any CPU.ActiveCfg = Release|Any CPU
		{3A15D52C-4C87-4155-AE3B-32D519BAFB95}.Release|Any CPU.Build.0 = Release|Any CPU
		{444C2DC7-A3D6-4AB9-A902-3CD756FBE776}.Debug|Any CPU.ActiveCfg = Debug|Any CPU
		{444C2DC7-A3D6-4AB9-A902-3CD756FBE776}.Debug|Any CPU.Build.0 = Debug|Any CPU
		{444C2DC7-A3D6-4AB9-A902-3CD756FBE776}.Release|Any CPU.ActiveCfg = Release|Any CPU
		{444C2DC7-A3D6-4AB9-A902-3CD756FBE776}.Release|Any CPU.Build.0 = Release|Any CPU
	EndGlobalSection
	GlobalSection(NestedProjects) = preSolution
		{2CFB361F-137E-4D96-BD4B-79FABFAEA0CB} = {81094FC7-478A-4872-93E1-D9FB6EED5BC2}
		{1BE355AE-B98A-4966-B7EC-45F0B0B5A55F} = {81094FC7-478A-4872-93E1-D9FB6EED5BC2}
		{BA746C82-DF71-477F-AD4A-CD433AA60B99} = {81094FC7-478A-4872-93E1-D9FB6EED5BC2}
		{3A15D52C-4C87-4155-AE3B-32D519BAFB95} = {81094FC7-478A-4872-93E1-D9FB6EED5BC2}
		{CFAEBF72-4C62-44E7-ABDB-7709BCC5E84A} = {81094FC7-478A-4872-93E1-D9FB6EED5BC2}
	EndGlobalSection
EndGlobal
