
Microsoft Visual Studio Solution File, Format Version 12.00
# Visual Studio Version 16
VisualStudioVersion = 16.0.30114.105
MinimumVisualStudioVersion = 10.0.40219.1
Project("{FAE04EC0-301F-11D3-BF4B-00C04F79EFBC}") = "Joa", "Joa\Joa.csproj", "{444C2DC7-A3D6-4AB9-A902-3CD756FBE776}"
EndProject
Project("{2150E333-8FDC-42A3-9474-1A3956D46DE8}") = "SolutionItems", "SolutionItems", "{7BFD5638-12D0-476E-BE3F-EEF03DD68F6A}"
	ProjectSection(SolutionItems) = preProject
		global.json = global.json
		nuget.config = nuget.config
	EndProjectSection
EndProject
Project("{FAE04EC0-301F-11D3-BF4B-00C04F79EFBC}") = "JoaKit", "JoaKit\JoaKit.csproj", "{9E9CDA23-B564-4F9B-88B1-21F8BEE772F2}"
EndProject
Project("{FAE04EC0-301F-11D3-BF4B-00C04F79EFBC}") = "DemoSourceGen", "DemoSourceGen\DemoSourceGen.csproj", "{DCE9675D-AF21-4362-B7D8-9A403B410AF2}"
EndProject
Project("{FAE04EC0-301F-11D3-BF4B-00C04F79EFBC}") = "DemoSourceGenTest", "DemoSourceGenTest\DemoSourceGenTest.csproj", "{949B72FA-3A07-40F4-A4A3-24DDB168FCF5}"
EndProject
Project("{FAE04EC0-301F-11D3-BF4B-00C04F79EFBC}") = "JoaKitTypes", "JoaKitTypes\JoaKitTypes.csproj", "{9E47FAF6-9723-4182-AC28-38EC0F33F38E}"
EndProject
Global
	GlobalSection(SolutionConfigurationPlatforms) = preSolution
		Debug|Any CPU = Debug|Any CPU
		Release|Any CPU = Release|Any CPU
	EndGlobalSection
	GlobalSection(SolutionProperties) = preSolution
		HideSolutionNode = FALSE
	EndGlobalSection
	GlobalSection(ProjectConfigurationPlatforms) = postSolution
		{444C2DC7-A3D6-4AB9-A902-3CD756FBE776}.Debug|Any CPU.ActiveCfg = Debug|Any CPU
		{444C2DC7-A3D6-4AB9-A902-3CD756FBE776}.Debug|Any CPU.Build.0 = Debug|Any CPU
		{444C2DC7-A3D6-4AB9-A902-3CD756FBE776}.Release|Any CPU.ActiveCfg = Release|Any CPU
		{444C2DC7-A3D6-4AB9-A902-3CD756FBE776}.Release|Any CPU.Build.0 = Release|Any CPU
		{9E9CDA23-B564-4F9B-88B1-21F8BEE772F2}.Debug|Any CPU.ActiveCfg = Debug|Any CPU
		{9E9CDA23-B564-4F9B-88B1-21F8BEE772F2}.Debug|Any CPU.Build.0 = Debug|Any CPU
		{9E9CDA23-B564-4F9B-88B1-21F8BEE772F2}.Release|Any CPU.ActiveCfg = Release|Any CPU
		{9E9CDA23-B564-4F9B-88B1-21F8BEE772F2}.Release|Any CPU.Build.0 = Release|Any CPU
		{DCE9675D-AF21-4362-B7D8-9A403B410AF2}.Debug|Any CPU.ActiveCfg = Debug|Any CPU
		{DCE9675D-AF21-4362-B7D8-9A403B410AF2}.Debug|Any CPU.Build.0 = Debug|Any CPU
		{DCE9675D-AF21-4362-B7D8-9A403B410AF2}.Release|Any CPU.ActiveCfg = Release|Any CPU
		{DCE9675D-AF21-4362-B7D8-9A403B410AF2}.Release|Any CPU.Build.0 = Release|Any CPU
		{949B72FA-3A07-40F4-A4A3-24DDB168FCF5}.Debug|Any CPU.ActiveCfg = Debug|Any CPU
		{949B72FA-3A07-40F4-A4A3-24DDB168FCF5}.Debug|Any CPU.Build.0 = Debug|Any CPU
		{949B72FA-3A07-40F4-A4A3-24DDB168FCF5}.Release|Any CPU.ActiveCfg = Release|Any CPU
		{949B72FA-3A07-40F4-A4A3-24DDB168FCF5}.Release|Any CPU.Build.0 = Release|Any CPU
		{9E47FAF6-9723-4182-AC28-38EC0F33F38E}.Debug|Any CPU.ActiveCfg = Debug|Any CPU
		{9E47FAF6-9723-4182-AC28-38EC0F33F38E}.Debug|Any CPU.Build.0 = Debug|Any CPU
		{9E47FAF6-9723-4182-AC28-38EC0F33F38E}.Release|Any CPU.ActiveCfg = Release|Any CPU
		{9E47FAF6-9723-4182-AC28-38EC0F33F38E}.Release|Any CPU.Build.0 = Release|Any CPU
	EndGlobalSection
	GlobalSection(NestedProjects) = preSolution
	EndGlobalSection
EndGlobal
